{
  "version": 2,
  "dependencies": {
    "net10.0": {
      "Polly": {
        "type": "Direct",
        "requested": "[8.7.0, )",
        "resolved": "8.7.0",
        "contentHash": "0qR4f0OR8FeCAfLWcfwzAM7w6EmpUgwa22PgxKjcL25dEAto7sKpQQXbtxp38vVvK+V3RFkh/TeI7g/iUdoYIQ==",
        "dependencies": {
          "Polly.Core": "8.7.0"
        }
      },
      "Refit": {
        "type": "Direct",
        "requested": "[14.0.1, )",
        "resolved": "14.0.1",
        "contentHash": "8e1Y0LnkSc91kDZJ1dasL59LDssJE0JsrV8hiV6kd4LjSBR9DbX6zzGJCqxaBsm+aW7/mv6bsqI1vPtiYjqZfg==",
        "dependencies": {
          "ReactiveUI.Primitives": "7.0.0"
        }
      },
      "Polly.Core": {
        "type": "Transitive",
        "resolved": "8.7.0",
        "contentHash": "BS2t+nsBer16PIebCEPNBK5fgMisADQyRCd7K+BgkMWpFmSaiYE+rVVNpFhGRqUkJmNSLmw0uCNzHHWfgml28Q=="
      },
      "ReactiveUI.Disposables": {
        "type": "Transitive",
        "resolved": "7.0.0",
        "contentHash": "bl3hwVjnuNP40UedJADZ3+842qu39iMkdS/kq86mKrGubnBZA75TSSmTpOwQFvo4JLIR+8Qm3yY/MOnm+uAh7g=="
      },
      "ReactiveUI.Primitives": {
        "type": "Transitive",
        "resolved": "7.0.0",
        "contentHash": "B5WlTZhtHE2gRyX/W0kfW8CwKe9A58KmZsWuIxjyxjAUcVbUP2QDutxT908KCkz/K9H11oS6/85XmIm20tYogw==",
        "dependencies": {
          "ReactiveUI.Disposables": "7.0.0",
          "ReactiveUI.Primitives.Core": "7.0.0"
        }
      },
      "ReactiveUI.Primitives.Core": {
        "type": "Transitive",
        "resolved": "7.0.0",
        "contentHash": "0Bndf1vnhZOWIcVVH+mNvML8jIw9oRes8tgU25OoEJEuFLdMAOUAlMgOnvt4TYkeqtL/vSck8qCF9GmtAN/5BQ==",
        "dependencies": {
          "ReactiveUI.Disposables": "7.0.0"
        }
      },
      "hevy.core": {
        "type": "Project"
      }
    }
  }
}